# This file is automatically @generated by Cargo.
# It is not intended for manual editing.
version = 3

[[package]]
name = "pipey"
version = "0.1.0"
source = "git+https://github.com/gitretard/pipey#4419fbcedf98ba79a51f529a3605f81ca7d28ed9"

[[package]]
name = "wee"
version = "0.1.0"
dependencies = [
 "pipey",
]
